
Microsoft Visual Studio Solution File, Format Version 12.00
# Visual Studio Version 16
VisualStudioVersion = 16.0.30717.126
MinimumVisualStudioVersion = 10.0.40219.1
Project("{FAE04EC0-301F-11D3-BF4B-00C04F79EFBC}") = "Graphics", "Graphics\Graphics.csproj", "{BAE99A4F-CCBD-47FF-9083-6A73FE300AC1}"
EndProject
Global
	GlobalSection(SolutionConfigurationPlatforms) = preSolution
		Debug|Any CPU = Debug|Any CPU
		Release|Any CPU = Release|Any CPU
	EndGlobalSection
	GlobalSection(ProjectConfigurationPlatforms) = postSolution
		{BAE99A4F-CCBD-47FF-9083-6A73FE300AC1}.Debug|Any CPU.ActiveCfg = Debug|Any CPU
		{BAE99A4F-CCBD-47FF-9083-6A73FE300AC1}.Debug|Any CPU.Build.0 = Debug|Any CPU
		{BAE99A4F-CCBD-47FF-9083-6A73FE300AC1}.Release|Any CPU.ActiveCfg = Release|Any CPU
		{BAE99A4F-CCBD-47FF-9083-6A73FE300AC1}.Release|Any CPU.Build.0 = Release|Any CPU
	EndGlobalSection
	GlobalSection(SolutionProperties) = preSolution
		HideSolutionNode = FALSE
	EndGlobalSection
	GlobalSection(ExtensibilityGlobals) = postSolution
		SolutionGuid = {58D058E6-8988-4097-9EAD-510318A47CD4}
	EndGlobalSection
EndGlobal
